
Microsoft Visual Studio Solution File, Format Version 12.00
# Visual Studio Version 17
VisualStudioVersion = 17.5.002.0
MinimumVisualStudioVersion = 10.0.40219.1
Project("{9A19103F-16F7-4668-BE54-9A1E7A4F7556}") = "inventoryProject", "inventoryProject.csproj", "{34C08CF3-95A8-41E7-8952-64CB9B23D97B}"
EndProject
Global
	GlobalSection(SolutionConfigurationPlatforms) = preSolution
		Debug|Any CPU = Debug|Any CPU
		Release|Any CPU = Release|Any CPU
	EndGlobalSection
	GlobalSection(ProjectConfigurationPlatforms) = postSolution
		{34C08CF3-95A8-41E7-8952-64CB9B23D97B}.Debug|Any CPU.ActiveCfg = Debug|Any CPU
		{34C08CF3-95A8-41E7-8952-64CB9B23D97B}.Debug|Any CPU.Build.0 = Debug|Any CPU
		{34C08CF3-95A8-41E7-8952-64CB9B23D97B}.Release|Any CPU.ActiveCfg = Release|Any CPU
		{34C08CF3-95A8-41E7-8952-64CB9B23D97B}.Release|Any CPU.Build.0 = Release|Any CPU
	EndGlobalSection
	GlobalSection(SolutionProperties) = preSolution
		HideSolutionNode = FALSE
	EndGlobalSection
	GlobalSection(ExtensibilityGlobals) = postSolution
		SolutionGuid = {27BC618D-F9FE-44A3-9D45-EFE41ED1358E}
	EndGlobalSection
EndGlobal
